// !$*UTF8*$!
{
	archiveVersion = 1;
	classes = {
	};
	objectVersion = 46;
	objects = {

/* Begin PBXBuildFile section */
		231AB0FB1A89018F006E5356 /* MagicalImportFunctions.m in Sources */ = {isa = PBXBuildFile; fileRef = 231AB0BF1A89018F006E5356 /* MagicalImportFunctions.m */; };
		231AB0FC1A89018F006E5356 /* NSAttributeDescription+MagicalDataImport.m in Sources */ = {isa = PBXBuildFile; fileRef = 231AB0C11A89018F006E5356 /* NSAttributeDescription+MagicalDataImport.m */; };
		231AB0FD1A89018F006E5356 /* NSEntityDescription+MagicalDataImport.m in Sources */ = {isa = PBXBuildFile; fileRef = 231AB0C31A89018F006E5356 /* NSEntityDescription+MagicalDataImport.m */; };
		231AB0FE1A89018F006E5356 /* NSNumber+MagicalDataImport.m in Sources */ = {isa = PBXBuildFile; fileRef = 231AB0C51A89018F006E5356 /* NSNumber+MagicalDataImport.m */; };
		231AB0FF1A89018F006E5356 /* NSObject+MagicalDataImport.m in Sources */ = {isa = PBXBuildFile; fileRef = 231AB0C71A89018F006E5356 /* NSObject+MagicalDataImport.m */; };
		231AB1001A89018F006E5356 /* NSRelationshipDescription+MagicalDataImport.m in Sources */ = {isa = PBXBuildFile; fileRef = 231AB0C91A89018F006E5356 /* NSRelationshipDescription+MagicalDataImport.m */; };
		231AB1011A89018F006E5356 /* NSString+MagicalDataImport.m in Sources */ = {isa = PBXBuildFile; fileRef = 231AB0CB1A89018F006E5356 /* NSString+MagicalDataImport.m */; };
		231AB1021A89018F006E5356 /* NSManagedObject+MagicalAggregation.m in Sources */ = {isa = PBXBuildFile; fileRef = 231AB0CE1A89018F006E5356 /* NSManagedObject+MagicalAggregation.m */; };
		231AB1031A89018F006E5356 /* NSManagedObject+MagicalDataImport.m in Sources */ = {isa = PBXBuildFile; fileRef = 231AB0D01A89018F006E5356 /* NSManagedObject+MagicalDataImport.m */; };
		231AB1041A89018F006E5356 /* NSManagedObject+MagicalFinders.m in Sources */ = {isa = PBXBuildFile; fileRef = 231AB0D21A89018F006E5356 /* NSManagedObject+MagicalFinders.m */; };
		231AB1051A89018F006E5356 /* NSManagedObject+MagicalRecord.m in Sources */ = {isa = PBXBuildFile; fileRef = 231AB0D41A89018F006E5356 /* NSManagedObject+MagicalRecord.m */; };
		231AB1061A89018F006E5356 /* NSManagedObject+MagicalRequests.m in Sources */ = {isa = PBXBuildFile; fileRef = 231AB0D61A89018F006E5356 /* NSManagedObject+MagicalRequests.m */; };
		231AB1071A89018F006E5356 /* NSManagedObjectContext+MagicalChainSave.m in Sources */ = {isa = PBXBuildFile; fileRef = 231AB0D91A89018F006E5356 /* NSManagedObjectContext+MagicalChainSave.m */; };
		231AB1081A89018F006E5356 /* NSManagedObjectContext+MagicalObserving.m in Sources */ = {isa = PBXBuildFile; fileRef = 231AB0DB1A89018F006E5356 /* NSManagedObjectContext+MagicalObserving.m */; };
		231AB1091A89018F006E5356 /* NSManagedObjectContext+MagicalRecord.m in Sources */ = {isa = PBXBuildFile; fileRef = 231AB0DD1A89018F006E5356 /* NSManagedObjectContext+MagicalRecord.m */; };
		231AB10A1A89018F006E5356 /* NSManagedObjectContext+MagicalSaves.m in Sources */ = {isa = PBXBuildFile; fileRef = 231AB0DF1A89018F006E5356 /* NSManagedObjectContext+MagicalSaves.m */; };
		231AB10B1A89018F006E5356 /* NSManagedObjectContext+MagicalThreading.m in Sources */ = {isa = PBXBuildFile; fileRef = 231AB0E11A89018F006E5356 /* NSManagedObjectContext+MagicalThreading.m */; };
		231AB10C1A89018F006E5356 /* NSManagedObjectModel+MagicalRecord.m in Sources */ = {isa = PBXBuildFile; fileRef = 231AB0E31A89018F006E5356 /* NSManagedObjectModel+MagicalRecord.m */; };
		231AB10D1A89018F006E5356 /* NSPersistentStore+MagicalRecord.m in Sources */ = {isa = PBXBuildFile; fileRef = 231AB0E51A89018F006E5356 /* NSPersistentStore+MagicalRecord.m */; };
		231AB10E1A89018F006E5356 /* NSPersistentStoreCoordinator+MagicalRecord.m in Sources */ = {isa = PBXBuildFile; fileRef = 231AB0E71A89018F006E5356 /* NSPersistentStoreCoordinator+MagicalRecord.m */; };
		231AB10F1A89018F006E5356 /* MagicalRecord+Actions.m in Sources */ = {isa = PBXBuildFile; fileRef = 231AB0EA1A89018F006E5356 /* MagicalRecord+Actions.m */; };
		231AB1101A89018F006E5356 /* MagicalRecord+ErrorHandling.m in Sources */ = {isa = PBXBuildFile; fileRef = 231AB0EC1A89018F006E5356 /* MagicalRecord+ErrorHandling.m */; };
		231AB1111A89018F006E5356 /* MagicalRecord+iCloud.m in Sources */ = {isa = PBXBuildFile; fileRef = 231AB0EE1A89018F006E5356 /* MagicalRecord+iCloud.m */; };
		231AB1121A89018F006E5356 /* MagicalRecord+Options.m in Sources */ = {isa = PBXBuildFile; fileRef = 231AB0F01A89018F006E5356 /* MagicalRecord+Options.m */; };
		231AB1131A89018F006E5356 /* MagicalRecord+Setup.m in Sources */ = {isa = PBXBuildFile; fileRef = 231AB0F21A89018F006E5356 /* MagicalRecord+Setup.m */; };
		231AB1141A89018F006E5356 /* MagicalRecord+ShorthandSupport.m in Sources */ = {isa = PBXBuildFile; fileRef = 231AB0F41A89018F006E5356 /* MagicalRecord+ShorthandSupport.m */; };
		231AB1151A89018F006E5356 /* MagicalRecord.m in Sources */ = {isa = PBXBuildFile; fileRef = 231AB0F61A89018F006E5356 /* MagicalRecord.m */; };
		23DF22F01A84E14500F23489 /* BeerModel.xcdatamodeld in Sources */ = {isa = PBXBuildFile; fileRef = 23DF22EE1A84E14500F23489 /* BeerModel.xcdatamodeld */; };
		23DF22F31A84E52000F23489 /* BeerDetails.m in Sources */ = {isa = PBXBuildFile; fileRef = 23DF22F21A84E52000F23489 /* BeerDetails.m */; };
		23DF22F61A84E52100F23489 /* Beer.m in Sources */ = {isa = PBXBuildFile; fileRef = 23DF22F51A84E52100F23489 /* Beer.m */; };
		A150E34517F11FA400BF5BC1 /* Foundation.framework in Frameworks */ = {isa = PBXBuildFile; fileRef = A150E34417F11FA400BF5BC1 /* Foundation.framework */; };
		A150E34717F11FA400BF5BC1 /* CoreGraphics.framework in Frameworks */ = {isa = PBXBuildFile; fileRef = A150E34617F11FA400BF5BC1 /* CoreGraphics.framework */; };
		A150E34917F11FA400BF5BC1 /* UIKit.framework in Frameworks */ = {isa = PBXBuildFile; fileRef = A150E34817F11FA400BF5BC1 /* UIKit.framework */; };
		A150E34F17F11FA400BF5BC1 /* InfoPlist.strings in Resources */ = {isa = PBXBuildFile; fileRef = A150E34D17F11FA400BF5BC1 /* InfoPlist.strings */; };
		A150E35117F11FA400BF5BC1 /* main.m in Sources */ = {isa = PBXBuildFile; fileRef = A150E35017F11FA400BF5BC1 /* main.m */; };
		A150E35517F11FA400BF5BC1 /* AppDelegate.m in Sources */ = {isa = PBXBuildFile; fileRef = A150E35417F11FA400BF5BC1 /* AppDelegate.m */; };
		A150E35817F11FA400BF5BC1 /* Main.storyboard in Resources */ = {isa = PBXBuildFile; fileRef = A150E35617F11FA400BF5BC1 /* Main.storyboard */; };
		A150E35D17F11FA400BF5BC1 /* Images.xcassets in Resources */ = {isa = PBXBuildFile; fileRef = A150E35C17F11FA400BF5BC1 /* Images.xcassets */; };
		A150E36417F11FA400BF5BC1 /* XCTest.framework in Frameworks */ = {isa = PBXBuildFile; fileRef = A150E36317F11FA400BF5BC1 /* XCTest.framework */; };
		A150E36517F11FA400BF5BC1 /* Foundation.framework in Frameworks */ = {isa = PBXBuildFile; fileRef = A150E34417F11FA400BF5BC1 /* Foundation.framework */; };
		A150E36617F11FA400BF5BC1 /* UIKit.framework in Frameworks */ = {isa = PBXBuildFile; fileRef = A150E34817F11FA400BF5BC1 /* UIKit.framework */; };
		A150E36E17F11FA400BF5BC1 /* InfoPlist.strings in Resources */ = {isa = PBXBuildFile; fileRef = A150E36C17F11FA400BF5BC1 /* InfoPlist.strings */; };
		A150E37017F11FA400BF5BC1 /* BeerTrackerTests.m in Sources */ = {isa = PBXBuildFile; fileRef = A150E36F17F11FA400BF5BC1 /* BeerTrackerTests.m */; };
		A150E37D17F1207D00BF5BC1 /* blond.jpg in Resources */ = {isa = PBXBuildFile; fileRef = A150E37917F1207D00BF5BC1 /* blond.jpg */; };
		A150E37E17F1207D00BF5BC1 /* pale.jpg in Resources */ = {isa = PBXBuildFile; fileRef = A150E37A17F1207D00BF5BC1 /* pale.jpg */; };
		A150E37F17F1207D00BF5BC1 /* stout.jpg in Resources */ = {isa = PBXBuildFile; fileRef = A150E37B17F1207D00BF5BC1 /* stout.jpg */; };
		A150E38017F1207D00BF5BC1 /* wheat.jpg in Resources */ = {isa = PBXBuildFile; fileRef = A150E37C17F1207D00BF5BC1 /* wheat.jpg */; };
		A150E38417F123DE00BF5BC1 /* BeerViewController.m in Sources */ = {isa = PBXBuildFile; fileRef = A150E38317F123DE00BF5BC1 /* BeerViewController.m */; };
		A150E38817F1245900BF5BC1 /* AMRatingControl.m in Sources */ = {isa = PBXBuildFile; fileRef = A150E38717F1245900BF5BC1 /* AMRatingControl.m */; };
		A150E38C17F124E700BF5BC1 /* ImageSaver.m in Sources */ = {isa = PBXBuildFile; fileRef = A150E38B17F124E700BF5BC1 /* ImageSaver.m */; };
		A150E38F17F1263100BF5BC1 /* MasterViewController.m in Sources */ = {isa = PBXBuildFile; fileRef = A150E38E17F1263100BF5BC1 /* MasterViewController.m */; };
		A150E39217F128FE00BF5BC1 /* PhotoViewController.m in Sources */ = {isa = PBXBuildFile; fileRef = A150E39117F128FE00BF5BC1 /* PhotoViewController.m */; };
		A156785F1849098A00DB62C8 /* CoreData.framework in Frameworks */ = {isa = PBXBuildFile; fileRef = A15678071849071500DB62C8 /* CoreData.framework */; };
/* End PBXBuildFile section */

/* Begin PBXContainerItemProxy section */
		A150E36717F11FA400BF5BC1 /* PBXContainerItemProxy */ = {
			isa = PBXContainerItemProxy;
			containerPortal = A150E33917F11FA400BF5BC1 /* Project object */;
			proxyType = 1;
			remoteGlobalIDString = A150E34017F11FA400BF5BC1;
			remoteInfo = BeerTracker;
		};
/* End PBXContainerItemProxy section */

/* Begin PBXFileReference section */
		231AB0BE1A89018F006E5356 /* MagicalImportFunctions.h */ = {isa = PBXFileReference; fileEncoding = 4; lastKnownFileType = sourcecode.c.h; path = MagicalImportFunctions.h; sourceTree = "<group>"; };
		231AB0BF1A89018F006E5356 /* MagicalImportFunctions.m */ = {isa = PBXFileReference; fileEncoding = 4; lastKnownFileType = sourcecode.c.objc; path = MagicalImportFunctions.m; sourceTree = "<group>"; };
		231AB0C01A89018F006E5356 /* NSAttributeDescription+MagicalDataImport.h */ = {isa = PBXFileReference; fileEncoding = 4; lastKnownFileType = sourcecode.c.h; path = "NSAttributeDescription+MagicalDataImport.h"; sourceTree = "<group>"; };
		231AB0C11A89018F006E5356 /* NSAttributeDescription+MagicalDataImport.m */ = {isa = PBXFileReference; fileEncoding = 4; lastKnownFileType = sourcecode.c.objc; path = "NSAttributeDescription+MagicalDataImport.m"; sourceTree = "<group>"; };
		231AB0C21A89018F006E5356 /* NSEntityDescription+MagicalDataImport.h */ = {isa = PBXFileReference; fileEncoding = 4; lastKnownFileType = sourcecode.c.h; path = "NSEntityDescription+MagicalDataImport.h"; sourceTree = "<group>"; };
		231AB0C31A89018F006E5356 /* NSEntityDescription+MagicalDataImport.m */ = {isa = PBXFileReference; fileEncoding = 4; lastKnownFileType = sourcecode.c.objc; path = "NSEntityDescription+MagicalDataImport.m"; sourceTree = "<group>"; };
		231AB0C41A89018F006E5356 /* NSNumber+MagicalDataImport.h */ = {isa = PBXFileReference; fileEncoding = 4; lastKnownFileType = sourcecode.c.h; path = "NSNumber+MagicalDataImport.h"; sourceTree = "<group>"; };
		231AB0C51A89018F006E5356 /* NSNumber+MagicalDataImport.m */ = {isa = PBXFileReference; fileEncoding = 4; lastKnownFileType = sourcecode.c.objc; path = "NSNumber+MagicalDataImport.m"; sourceTree = "<group>"; };
		231AB0C61A89018F006E5356 /* NSObject+MagicalDataImport.h */ = {isa = PBXFileReference; fileEncoding = 4; lastKnownFileType = sourcecode.c.h; path = "NSObject+MagicalDataImport.h"; sourceTree = "<group>"; };
		231AB0C71A89018F006E5356 /* NSObject+MagicalDataImport.m */ = {isa = PBXFileReference; fileEncoding = 4; lastKnownFileType = sourcecode.c.objc; path = "NSObject+MagicalDataImport.m"; sourceTree = "<group>"; };
		231AB0C81A89018F006E5356 /* NSRelationshipDescription+MagicalDataImport.h */ = {isa = PBXFileReference; fileEncoding = 4; lastKnownFileType = sourcecode.c.h; path = "NSRelationshipDescription+MagicalDataImport.h"; sourceTree = "<group>"; };
		231AB0C91A89018F006E5356 /* NSRelationshipDescription+MagicalDataImport.m */ = {isa = PBXFileReference; fileEncoding = 4; lastKnownFileType = sourcecode.c.objc; path = "NSRelationshipDescription+MagicalDataImport.m"; sourceTree = "<group>"; };
		231AB0CA1A89018F006E5356 /* NSString+MagicalDataImport.h */ = {isa = PBXFileReference; fileEncoding = 4; lastKnownFileType = sourcecode.c.h; path = "NSString+MagicalDataImport.h"; sourceTree = "<group>"; };
		231AB0CB1A89018F006E5356 /* NSString+MagicalDataImport.m */ = {isa = PBXFileReference; fileEncoding = 4; lastKnownFileType = sourcecode.c.objc; path = "NSString+MagicalDataImport.m"; sourceTree = "<group>"; };
		231AB0CD1A89018F006E5356 /* NSManagedObject+MagicalAggregation.h */ = {isa = PBXFileReference; fileEncoding = 4; lastKnownFileType = sourcecode.c.h; path = "NSManagedObject+MagicalAggregation.h"; sourceTree = "<group>"; };
		231AB0CE1A89018F006E5356 /* NSManagedObject+MagicalAggregation.m */ = {isa = PBXFileReference; fileEncoding = 4; lastKnownFileType = sourcecode.c.objc; path = "NSManagedObject+MagicalAggregation.m"; sourceTree = "<group>"; };
		231AB0CF1A89018F006E5356 /* NSManagedObject+MagicalDataImport.h */ = {isa = PBXFileReference; fileEncoding = 4; lastKnownFileType = sourcecode.c.h; path = "NSManagedObject+MagicalDataImport.h"; sourceTree = "<group>"; };
		231AB0D01A89018F006E5356 /* NSManagedObject+MagicalDataImport.m */ = {isa = PBXFileReference; fileEncoding = 4; lastKnownFileType = sourcecode.c.objc; path = "NSManagedObject+MagicalDataImport.m"; sourceTree = "<group>"; };
		231AB0D11A89018F006E5356 /* NSManagedObject+MagicalFinders.h */ = {isa = PBXFileReference; fileEncoding = 4; lastKnownFileType = sourcecode.c.h; path = "NSManagedObject+MagicalFinders.h"; sourceTree = "<group>"; };
		231AB0D21A89018F006E5356 /* NSManagedObject+MagicalFinders.m */ = {isa = PBXFileReference; fileEncoding = 4; lastKnownFileType = sourcecode.c.objc; path = "NSManagedObject+MagicalFinders.m"; sourceTree = "<group>"; };
		231AB0D31A89018F006E5356 /* NSManagedObject+MagicalRecord.h */ = {isa = PBXFileReference; fileEncoding = 4; lastKnownFileType = sourcecode.c.h; path = "NSManagedObject+MagicalRecord.h"; sourceTree = "<group>"; };
		231AB0D41A89018F006E5356 /* NSManagedObject+MagicalRecord.m */ = {isa = PBXFileReference; fileEncoding = 4; lastKnownFileType = sourcecode.c.objc; path = "NSManagedObject+MagicalRecord.m"; sourceTree = "<group>"; };
		231AB0D51A89018F006E5356 /* NSManagedObject+MagicalRequests.h */ = {isa = PBXFileReference; fileEncoding = 4; lastKnownFileType = sourcecode.c.h; path = "NSManagedObject+MagicalRequests.h"; sourceTree = "<group>"; };
		231AB0D61A89018F006E5356 /* NSManagedObject+MagicalRequests.m */ = {isa = PBXFileReference; fileEncoding = 4; lastKnownFileType = sourcecode.c.objc; path = "NSManagedObject+MagicalRequests.m"; sourceTree = "<group>"; };
		231AB0D81A89018F006E5356 /* NSManagedObjectContext+MagicalChainSave.h */ = {isa = PBXFileReference; fileEncoding = 4; lastKnownFileType = sourcecode.c.h; path = "NSManagedObjectContext+MagicalChainSave.h"; sourceTree = "<group>"; };
		231AB0D91A89018F006E5356 /* NSManagedObjectContext+MagicalChainSave.m */ = {isa = PBXFileReference; fileEncoding = 4; lastKnownFileType = sourcecode.c.objc; path = "NSManagedObjectContext+MagicalChainSave.m"; sourceTree = "<group>"; };
		231AB0DA1A89018F006E5356 /* NSManagedObjectContext+MagicalObserving.h */ = {isa = PBXFileReference; fileEncoding = 4; lastKnownFileType = sourcecode.c.h; path = "NSManagedObjectContext+MagicalObserving.h"; sourceTree = "<group>"; };
		231AB0DB1A89018F006E5356 /* NSManagedObjectContext+MagicalObserving.m */ = {isa = PBXFileReference; fileEncoding = 4; lastKnownFileType = sourcecode.c.objc; path = "NSManagedObjectContext+MagicalObserving.m"; sourceTree = "<group>"; };
		231AB0DC1A89018F006E5356 /* NSManagedObjectContext+MagicalRecord.h */ = {isa = PBXFileReference; fileEncoding = 4; lastKnownFileType = sourcecode.c.h; path = "NSManagedObjectContext+MagicalRecord.h"; sourceTree = "<group>"; };
		231AB0DD1A89018F006E5356 /* NSManagedObjectContext+MagicalRecord.m */ = {isa = PBXFileReference; fileEncoding = 4; lastKnownFileType = sourcecode.c.objc; path = "NSManagedObjectContext+MagicalRecord.m"; sourceTree = "<group>"; };
		231AB0DE1A89018F006E5356 /* NSManagedObjectContext+MagicalSaves.h */ = {isa = PBXFileReference; fileEncoding = 4; lastKnownFileType = sourcecode.c.h; path = "NSManagedObjectContext+MagicalSaves.h"; sourceTree = "<group>"; };
		231AB0DF1A89018F006E5356 /* NSManagedObjectContext+MagicalSaves.m */ = {isa = PBXFileReference; fileEncoding = 4; lastKnownFileType = sourcecode.c.objc; path = "NSManagedObjectContext+MagicalSaves.m"; sourceTree = "<group>"; };
		231AB0E01A89018F006E5356 /* NSManagedObjectContext+MagicalThreading.h */ = {isa = PBXFileReference; fileEncoding = 4; lastKnownFileType = sourcecode.c.h; path = "NSManagedObjectContext+MagicalThreading.h"; sourceTree = "<group>"; };
		231AB0E11A89018F006E5356 /* NSManagedObjectContext+MagicalThreading.m */ = {isa = PBXFileReference; fileEncoding = 4; lastKnownFileType = sourcecode.c.objc; path = "NSManagedObjectContext+MagicalThreading.m"; sourceTree = "<group>"; };
		231AB0E21A89018F006E5356 /* NSManagedObjectModel+MagicalRecord.h */ = {isa = PBXFileReference; fileEncoding = 4; lastKnownFileType = sourcecode.c.h; path = "NSManagedObjectModel+MagicalRecord.h"; sourceTree = "<group>"; };
		231AB0E31A89018F006E5356 /* NSManagedObjectModel+MagicalRecord.m */ = {isa = PBXFileReference; fileEncoding = 4; lastKnownFileType = sourcecode.c.objc; path = "NSManagedObjectModel+MagicalRecord.m"; sourceTree = "<group>"; };
		231AB0E41A89018F006E5356 /* NSPersistentStore+MagicalRecord.h */ = {isa = PBXFileReference; fileEncoding = 4; lastKnownFileType = sourcecode.c.h; path = "NSPersistentStore+MagicalRecord.h"; sourceTree = "<group>"; };
		231AB0E51A89018F006E5356 /* NSPersistentStore+MagicalRecord.m */ = {isa = PBXFileReference; fileEncoding = 4; lastKnownFileType = sourcecode.c.objc; path = "NSPersistentStore+MagicalRecord.m"; sourceTree = "<group>"; };
		231AB0E61A89018F006E5356 /* NSPersistentStoreCoordinator+MagicalRecord.h */ = {isa = PBXFileReference; fileEncoding = 4; lastKnownFileType = sourcecode.c.h; path = "NSPersistentStoreCoordinator+MagicalRecord.h"; sourceTree = "<group>"; };
		231AB0E71A89018F006E5356 /* NSPersistentStoreCoordinator+MagicalRecord.m */ = {isa = PBXFileReference; fileEncoding = 4; lastKnownFileType = sourcecode.c.objc; path = "NSPersistentStoreCoordinator+MagicalRecord.m"; sourceTree = "<group>"; };
		231AB0E91A89018F006E5356 /* MagicalRecord+Actions.h */ = {isa = PBXFileReference; fileEncoding = 4; lastKnownFileType = sourcecode.c.h; path = "MagicalRecord+Actions.h"; sourceTree = "<group>"; };
		231AB0EA1A89018F006E5356 /* MagicalRecord+Actions.m */ = {isa = PBXFileReference; fileEncoding = 4; lastKnownFileType = sourcecode.c.objc; path = "MagicalRecord+Actions.m"; sourceTree = "<group>"; };
		231AB0EB1A89018F006E5356 /* MagicalRecord+ErrorHandling.h */ = {isa = PBXFileReference; fileEncoding = 4; lastKnownFileType = sourcecode.c.h; path = "MagicalRecord+ErrorHandling.h"; sourceTree = "<group>"; };
		231AB0EC1A89018F006E5356 /* MagicalRecord+ErrorHandling.m */ = {isa = PBXFileReference; fileEncoding = 4; lastKnownFileType = sourcecode.c.objc; path = "MagicalRecord+ErrorHandling.m"; sourceTree = "<group>"; };
		231AB0ED1A89018F006E5356 /* MagicalRecord+iCloud.h */ = {isa = PBXFileReference; fileEncoding = 4; lastKnownFileType = sourcecode.c.h; path = "MagicalRecord+iCloud.h"; sourceTree = "<group>"; };
		231AB0EE1A89018F006E5356 /* MagicalRecord+iCloud.m */ = {isa = PBXFileReference; fileEncoding = 4; lastKnownFileType = sourcecode.c.objc; path = "MagicalRecord+iCloud.m"; sourceTree = "<group>"; };
		231AB0EF1A89018F006E5356 /* MagicalRecord+Options.h */ = {isa = PBXFileReference; fileEncoding = 4; lastKnownFileType = sourcecode.c.h; path = "MagicalRecord+Options.h"; sourceTree = "<group>"; };
		231AB0F01A89018F006E5356 /* MagicalRecord+Options.m */ = {isa = PBXFileReference; fileEncoding = 4; lastKnownFileType = sourcecode.c.objc; path = "MagicalRecord+Options.m"; sourceTree = "<group>"; };
		231AB0F11A89018F006E5356 /* MagicalRecord+Setup.h */ = {isa = PBXFileReference; fileEncoding = 4; lastKnownFileType = sourcecode.c.h; path = "MagicalRecord+Setup.h"; sourceTree = "<group>"; };
		231AB0F21A89018F006E5356 /* MagicalRecord+Setup.m */ = {isa = PBXFileReference; fileEncoding = 4; lastKnownFileType = sourcecode.c.objc; path = "MagicalRecord+Setup.m"; sourceTree = "<group>"; };
		231AB0F31A89018F006E5356 /* MagicalRecord+ShorthandSupport.h */ = {isa = PBXFileReference; fileEncoding = 4; lastKnownFileType = sourcecode.c.h; path = "MagicalRecord+ShorthandSupport.h"; sourceTree = "<group>"; };
		231AB0F41A89018F006E5356 /* MagicalRecord+ShorthandSupport.m */ = {isa = PBXFileReference; fileEncoding = 4; lastKnownFileType = sourcecode.c.objc; path = "MagicalRecord+ShorthandSupport.m"; sourceTree = "<group>"; };
		231AB0F51A89018F006E5356 /* MagicalRecord.h */ = {isa = PBXFileReference; fileEncoding = 4; lastKnownFileType = sourcecode.c.h; path = MagicalRecord.h; sourceTree = "<group>"; };
		231AB0F61A89018F006E5356 /* MagicalRecord.m */ = {isa = PBXFileReference; fileEncoding = 4; lastKnownFileType = sourcecode.c.objc; path = MagicalRecord.m; sourceTree = "<group>"; };
		231AB0F71A89018F006E5356 /* MagicalRecordDeprecated.h */ = {isa = PBXFileReference; fileEncoding = 4; lastKnownFileType = sourcecode.c.h; path = MagicalRecordDeprecated.h; sourceTree = "<group>"; };
		231AB0F81A89018F006E5356 /* MagicalRecordLogging.h */ = {isa = PBXFileReference; fileEncoding = 4; lastKnownFileType = sourcecode.c.h; path = MagicalRecordLogging.h; sourceTree = "<group>"; };
		231AB0F91A89018F006E5356 /* MagicalRecordShorthand.h */ = {isa = PBXFileReference; fileEncoding = 4; lastKnownFileType = sourcecode.c.h; path = MagicalRecordShorthand.h; sourceTree = "<group>"; };
		231AB0FA1A89018F006E5356 /* CoreData+MagicalRecord.h */ = {isa = PBXFileReference; fileEncoding = 4; lastKnownFileType = sourcecode.c.h; path = "CoreData+MagicalRecord.h"; sourceTree = "<group>"; };
		23DF22EF1A84E14500F23489 /* BeerModel.xcdatamodel */ = {isa = PBXFileReference; lastKnownFileType = wrapper.xcdatamodel; path = BeerModel.xcdatamodel; sourceTree = "<group>"; };
		23DF22F11A84E52000F23489 /* BeerDetails.h */ = {isa = PBXFileReference; fileEncoding = 4; lastKnownFileType = sourcecode.c.h; path = BeerDetails.h; sourceTree = "<group>"; };
		23DF22F21A84E52000F23489 /* BeerDetails.m */ = {isa = PBXFileReference; fileEncoding = 4; lastKnownFileType = sourcecode.c.objc; path = BeerDetails.m; sourceTree = "<group>"; };
		23DF22F41A84E52100F23489 /* Beer.h */ = {isa = PBXFileReference; fileEncoding = 4; lastKnownFileType = sourcecode.c.h; path = Beer.h; sourceTree = "<group>"; };
		23DF22F51A84E52100F23489 /* Beer.m */ = {isa = PBXFileReference; fileEncoding = 4; lastKnownFileType = sourcecode.c.objc; path = Beer.m; sourceTree = "<group>"; };
		A150E34117F11FA400BF5BC1 /* BeerTracker.app */ = {isa = PBXFileReference; explicitFileType = wrapper.application; includeInIndex = 0; path = BeerTracker.app; sourceTree = BUILT_PRODUCTS_DIR; };
		A150E34417F11FA400BF5BC1 /* Foundation.framework */ = {isa = PBXFileReference; lastKnownFileType = wrapper.framework; name = Foundation.framework; path = System/Library/Frameworks/Foundation.framework; sourceTree = SDKROOT; };
		A150E34617F11FA400BF5BC1 /* CoreGraphics.framework */ = {isa = PBXFileReference; lastKnownFileType = wrapper.framework; name = CoreGraphics.framework; path = System/Library/Frameworks/CoreGraphics.framework; sourceTree = SDKROOT; };
		A150E34817F11FA400BF5BC1 /* UIKit.framework */ = {isa = PBXFileReference; lastKnownFileType = wrapper.framework; name = UIKit.framework; path = System/Library/Frameworks/UIKit.framework; sourceTree = SDKROOT; };
		A150E34C17F11FA400BF5BC1 /* BeerTracker-Info.plist */ = {isa = PBXFileReference; lastKnownFileType = text.plist.xml; path = "BeerTracker-Info.plist"; sourceTree = "<group>"; };
		A150E34E17F11FA400BF5BC1 /* en */ = {isa = PBXFileReference; lastKnownFileType = text.plist.strings; name = en; path = en.lproj/InfoPlist.strings; sourceTree = "<group>"; };
		A150E35017F11FA400BF5BC1 /* main.m */ = {isa = PBXFileReference; lastKnownFileType = sourcecode.c.objc; path = main.m; sourceTree = "<group>"; };
		A150E35217F11FA400BF5BC1 /* BeerTracker-Prefix.pch */ = {isa = PBXFileReference; lastKnownFileType = sourcecode.c.h; path = "BeerTracker-Prefix.pch"; sourceTree = "<group>"; };
		A150E35317F11FA400BF5BC1 /* AppDelegate.h */ = {isa = PBXFileReference; lastKnownFileType = sourcecode.c.h; path = AppDelegate.h; sourceTree = "<group>"; };
		A150E35417F11FA400BF5BC1 /* AppDelegate.m */ = {isa = PBXFileReference; lastKnownFileType = sourcecode.c.objc; path = AppDelegate.m; sourceTree = "<group>"; };
		A150E35717F11FA400BF5BC1 /* Base */ = {isa = PBXFileReference; lastKnownFileType = file.storyboard; name = Base; path = Base.lproj/Main.storyboard; sourceTree = "<group>"; };
		A150E35C17F11FA400BF5BC1 /* Images.xcassets */ = {isa = PBXFileReference; lastKnownFileType = folder.assetcatalog; path = Images.xcassets; sourceTree = "<group>"; };
		A150E36217F11FA400BF5BC1 /* BeerTrackerTests.xctest */ = {isa = PBXFileReference; explicitFileType = wrapper.cfbundle; includeInIndex = 0; path = BeerTrackerTests.xctest; sourceTree = BUILT_PRODUCTS_DIR; };
		A150E36317F11FA400BF5BC1 /* XCTest.framework */ = {isa = PBXFileReference; lastKnownFileType = wrapper.framework; name = XCTest.framework; path = Library/Frameworks/XCTest.framework; sourceTree = DEVELOPER_DIR; };
		A150E36B17F11FA400BF5BC1 /* BeerTrackerTests-Info.plist */ = {isa = PBXFileReference; lastKnownFileType = text.plist.xml; path = "BeerTrackerTests-Info.plist"; sourceTree = "<group>"; };
		A150E36D17F11FA400BF5BC1 /* en */ = {isa = PBXFileReference; lastKnownFileType = text.plist.strings; name = en; path = en.lproj/InfoPlist.strings; sourceTree = "<group>"; };
		A150E36F17F11FA400BF5BC1 /* BeerTrackerTests.m */ = {isa = PBXFileReference; lastKnownFileType = sourcecode.c.objc; path = BeerTrackerTests.m; sourceTree = "<group>"; };
		A150E37917F1207D00BF5BC1 /* blond.jpg */ = {isa = PBXFileReference; lastKnownFileType = image.jpeg; path = blond.jpg; sourceTree = "<group>"; };
		A150E37A17F1207D00BF5BC1 /* pale.jpg */ = {isa = PBXFileReference; lastKnownFileType = image.jpeg; path = pale.jpg; sourceTree = "<group>"; };
		A150E37B17F1207D00BF5BC1 /* stout.jpg */ = {isa = PBXFileReference; lastKnownFileType = image.jpeg; path = stout.jpg; sourceTree = "<group>"; };
		A150E37C17F1207D00BF5BC1 /* wheat.jpg */ = {isa = PBXFileReference; lastKnownFileType = image.jpeg; path = wheat.jpg; sourceTree = "<group>"; };
		A150E38217F123DE00BF5BC1 /* BeerViewController.h */ = {isa = PBXFileReference; fileEncoding = 4; lastKnownFileType = sourcecode.c.h; path = BeerViewController.h; sourceTree = "<group>"; };
		A150E38317F123DE00BF5BC1 /* BeerViewController.m */ = {isa = PBXFileReference; fileEncoding = 4; lastKnownFileType = sourcecode.c.objc; path = BeerViewController.m; sourceTree = "<group>"; };
		A150E38617F1245900BF5BC1 /* AMRatingControl.h */ = {isa = PBXFileReference; fileEncoding = 4; lastKnownFileType = sourcecode.c.h; path = AMRatingControl.h; sourceTree = "<group>"; };
		A150E38717F1245900BF5BC1 /* AMRatingControl.m */ = {isa = PBXFileReference; fileEncoding = 4; lastKnownFileType = sourcecode.c.objc; path = AMRatingControl.m; sourceTree = "<group>"; };
		A150E38A17F124E700BF5BC1 /* ImageSaver.h */ = {isa = PBXFileReference; fileEncoding = 4; lastKnownFileType = sourcecode.c.h; path = ImageSaver.h; sourceTree = "<group>"; };
		A150E38B17F124E700BF5BC1 /* ImageSaver.m */ = {isa = PBXFileReference; fileEncoding = 4; lastKnownFileType = sourcecode.c.objc; path = ImageSaver.m; sourceTree = "<group>"; };
		A150E38D17F1263100BF5BC1 /* MasterViewController.h */ = {isa = PBXFileReference; fileEncoding = 4; lastKnownFileType = sourcecode.c.h; path = MasterViewController.h; sourceTree = "<group>"; };
		A150E38E17F1263100BF5BC1 /* MasterViewController.m */ = {isa = PBXFileReference; fileEncoding = 4; lastKnownFileType = sourcecode.c.objc; path = MasterViewController.m; sourceTree = "<group>"; };
		A150E39017F128FE00BF5BC1 /* PhotoViewController.h */ = {isa = PBXFileReference; fileEncoding = 4; lastKnownFileType = sourcecode.c.h; path = PhotoViewController.h; sourceTree = "<group>"; };
		A150E39117F128FE00BF5BC1 /* PhotoViewController.m */ = {isa = PBXFileReference; fileEncoding = 4; lastKnownFileType = sourcecode.c.objc; path = PhotoViewController.m; sourceTree = "<group>"; };
		A15678071849071500DB62C8 /* CoreData.framework */ = {isa = PBXFileReference; lastKnownFileType = wrapper.framework; name = CoreData.framework; path = System/Library/Frameworks/CoreData.framework; sourceTree = SDKROOT; };
/* End PBXFileReference section */

/* Begin PBXFrameworksBuildPhase section */
		A150E33E17F11FA400BF5BC1 /* Frameworks */ = {
			isa = PBXFrameworksBuildPhase;
			buildActionMask = 2147483647;
			files = (
				A156785F1849098A00DB62C8 /* CoreData.framework in Frameworks */,
				A150E34717F11FA400BF5BC1 /* CoreGraphics.framework in Frameworks */,
				A150E34917F11FA400BF5BC1 /* UIKit.framework in Frameworks */,
				A150E34517F11FA400BF5BC1 /* Foundation.framework in Frameworks */,
			);
			runOnlyForDeploymentPostprocessing = 0;
		};
		A150E35F17F11FA400BF5BC1 /* Frameworks */ = {
			isa = PBXFrameworksBuildPhase;
			buildActionMask = 2147483647;
			files = (
				A150E36417F11FA400BF5BC1 /* XCTest.framework in Frameworks */,
				A150E36617F11FA400BF5BC1 /* UIKit.framework in Frameworks */,
				A150E36517F11FA400BF5BC1 /* Foundation.framework in Frameworks */,
			);
			runOnlyForDeploymentPostprocessing = 0;
		};
/* End PBXFrameworksBuildPhase section */

/* Begin PBXGroup section */
		231AB0BC1A89018F006E5356 /* Categories */ = {
			isa = PBXGroup;
			children = (
				231AB0BD1A89018F006E5356 /* DataImport */,
				231AB0CC1A89018F006E5356 /* NSManagedObject */,
				231AB0D71A89018F006E5356 /* NSManagedObjectContext */,
				231AB0E21A89018F006E5356 /* NSManagedObjectModel+MagicalRecord.h */,
				231AB0E31A89018F006E5356 /* NSManagedObjectModel+MagicalRecord.m */,
				231AB0E41A89018F006E5356 /* NSPersistentStore+MagicalRecord.h */,
				231AB0E51A89018F006E5356 /* NSPersistentStore+MagicalRecord.m */,
				231AB0E61A89018F006E5356 /* NSPersistentStoreCoordinator+MagicalRecord.h */,
				231AB0E71A89018F006E5356 /* NSPersistentStoreCoordinator+MagicalRecord.m */,
			);
			path = Categories;
			sourceTree = "<group>";
		};
		231AB0BD1A89018F006E5356 /* DataImport */ = {
			isa = PBXGroup;
			children = (
				231AB0BE1A89018F006E5356 /* MagicalImportFunctions.h */,
				231AB0BF1A89018F006E5356 /* MagicalImportFunctions.m */,
				231AB0C01A89018F006E5356 /* NSAttributeDescription+MagicalDataImport.h */,
				231AB0C11A89018F006E5356 /* NSAttributeDescription+MagicalDataImport.m */,
				231AB0C21A89018F006E5356 /* NSEntityDescription+MagicalDataImport.h */,
				231AB0C31A89018F006E5356 /* NSEntityDescription+MagicalDataImport.m */,
				231AB0C41A89018F006E5356 /* NSNumber+MagicalDataImport.h */,
				231AB0C51A89018F006E5356 /* NSNumber+MagicalDataImport.m */,
				231AB0C61A89018F006E5356 /* NSObject+MagicalDataImport.h */,
				231AB0C71A89018F006E5356 /* NSObject+MagicalDataImport.m */,
				231AB0C81A89018F006E5356 /* NSRelationshipDescription+MagicalDataImport.h */,
				231AB0C91A89018F006E5356 /* NSRelationshipDescription+MagicalDataImport.m */,
				231AB0CA1A89018F006E5356 /* NSString+MagicalDataImport.h */,
				231AB0CB1A89018F006E5356 /* NSString+MagicalDataImport.m */,
			);
			path = DataImport;
			sourceTree = "<group>";
		};
		231AB0CC1A89018F006E5356 /* NSManagedObject */ = {
			isa = PBXGroup;
			children = (
				231AB0CD1A89018F006E5356 /* NSManagedObject+MagicalAggregation.h */,
				231AB0CE1A89018F006E5356 /* NSManagedObject+MagicalAggregation.m */,
				231AB0CF1A89018F006E5356 /* NSManagedObject+MagicalDataImport.h */,
				231AB0D01A89018F006E5356 /* NSManagedObject+MagicalDataImport.m */,
				231AB0D11A89018F006E5356 /* NSManagedObject+MagicalFinders.h */,
				231AB0D21A89018F006E5356 /* NSManagedObject+MagicalFinders.m */,
				231AB0D31A89018F006E5356 /* NSManagedObject+MagicalRecord.h */,
				231AB0D41A89018F006E5356 /* NSManagedObject+MagicalRecord.m */,
				231AB0D51A89018F006E5356 /* NSManagedObject+MagicalRequests.h */,
				231AB0D61A89018F006E5356 /* NSManagedObject+MagicalRequests.m */,
			);
			path = NSManagedObject;
			sourceTree = "<group>";
		};
		231AB0D71A89018F006E5356 /* NSManagedObjectContext */ = {
			isa = PBXGroup;
			children = (
				231AB0D81A89018F006E5356 /* NSManagedObjectContext+MagicalChainSave.h */,
				231AB0D91A89018F006E5356 /* NSManagedObjectContext+MagicalChainSave.m */,
				231AB0DA1A89018F006E5356 /* NSManagedObjectContext+MagicalObserving.h */,
				231AB0DB1A89018F006E5356 /* NSManagedObjectContext+MagicalObserving.m */,
				231AB0DC1A89018F006E5356 /* NSManagedObjectContext+MagicalRecord.h */,
				231AB0DD1A89018F006E5356 /* NSManagedObjectContext+MagicalRecord.m */,
				231AB0DE1A89018F006E5356 /* NSManagedObjectContext+MagicalSaves.h */,
				231AB0DF1A89018F006E5356 /* NSManagedObjectContext+MagicalSaves.m */,
				231AB0E01A89018F006E5356 /* NSManagedObjectContext+MagicalThreading.h */,
				231AB0E11A89018F006E5356 /* NSManagedObjectContext+MagicalThreading.m */,
			);
			path = NSManagedObjectContext;
			sourceTree = "<group>";
		};
		231AB0E81A89018F006E5356 /* Core */ = {
			isa = PBXGroup;
			children = (
				231AB0E91A89018F006E5356 /* MagicalRecord+Actions.h */,
				231AB0EA1A89018F006E5356 /* MagicalRecord+Actions.m */,
				231AB0EB1A89018F006E5356 /* MagicalRecord+ErrorHandling.h */,
				231AB0EC1A89018F006E5356 /* MagicalRecord+ErrorHandling.m */,
				231AB0ED1A89018F006E5356 /* MagicalRecord+iCloud.h */,
				231AB0EE1A89018F006E5356 /* MagicalRecord+iCloud.m */,
				231AB0EF1A89018F006E5356 /* MagicalRecord+Options.h */,
				231AB0F01A89018F006E5356 /* MagicalRecord+Options.m */,
				231AB0F11A89018F006E5356 /* MagicalRecord+Setup.h */,
				231AB0F21A89018F006E5356 /* MagicalRecord+Setup.m */,
				231AB0F31A89018F006E5356 /* MagicalRecord+ShorthandSupport.h */,
				231AB0F41A89018F006E5356 /* MagicalRecord+ShorthandSupport.m */,
				231AB0F51A89018F006E5356 /* MagicalRecord.h */,
				231AB0F61A89018F006E5356 /* MagicalRecord.m */,
				231AB0F71A89018F006E5356 /* MagicalRecordDeprecated.h */,
				231AB0F81A89018F006E5356 /* MagicalRecordLogging.h */,
				231AB0F91A89018F006E5356 /* MagicalRecordShorthand.h */,
			);
			path = Core;
			sourceTree = "<group>";
		};
		23DF22ED1A84E10200F23489 /* Models */ = {
			isa = PBXGroup;
			children = (
				23DF22EE1A84E14500F23489 /* BeerModel.xcdatamodeld */,
				23DF22F41A84E52100F23489 /* Beer.h */,
				23DF22F51A84E52100F23489 /* Beer.m */,
				23DF22F11A84E52000F23489 /* BeerDetails.h */,
				23DF22F21A84E52000F23489 /* BeerDetails.m */,
			);
			name = Models;
			sourceTree = "<group>";
		};
		A150E33817F11FA400BF5BC1 = {
			isa = PBXGroup;
			children = (
				A150E34A17F11FA400BF5BC1 /* BeerTracker */,
				A150E36917F11FA400BF5BC1 /* BeerTrackerTests */,
				A150E34317F11FA400BF5BC1 /* Frameworks */,
				A150E34217F11FA400BF5BC1 /* Products */,
			);
			sourceTree = "<group>";
		};
		A150E34217F11FA400BF5BC1 /* Products */ = {
			isa = PBXGroup;
			children = (
				A150E34117F11FA400BF5BC1 /* BeerTracker.app */,
				A150E36217F11FA400BF5BC1 /* BeerTrackerTests.xctest */,
			);
			name = Products;
			sourceTree = "<group>";
		};
		A150E34317F11FA400BF5BC1 /* Frameworks */ = {
			isa = PBXGroup;
			children = (
				A15678071849071500DB62C8 /* CoreData.framework */,
				A150E34417F11FA400BF5BC1 /* Foundation.framework */,
				A150E34617F11FA400BF5BC1 /* CoreGraphics.framework */,
				A150E34817F11FA400BF5BC1 /* UIKit.framework */,
				A150E36317F11FA400BF5BC1 /* XCTest.framework */,
			);
			name = Frameworks;
			sourceTree = "<group>";
		};
		A150E34A17F11FA400BF5BC1 /* BeerTracker */ = {
			isa = PBXGroup;
			children = (
				A150E38D17F1263100BF5BC1 /* MasterViewController.h */,
				A150E38E17F1263100BF5BC1 /* MasterViewController.m */,
				A150E38217F123DE00BF5BC1 /* BeerViewController.h */,
				A150E38317F123DE00BF5BC1 /* BeerViewController.m */,
				A150E39017F128FE00BF5BC1 /* PhotoViewController.h */,
				A150E39117F128FE00BF5BC1 /* PhotoViewController.m */,
				A150E38A17F124E700BF5BC1 /* ImageSaver.h */,
				A150E38B17F124E700BF5BC1 /* ImageSaver.m */,
				A150E35617F11FA400BF5BC1 /* Main.storyboard */,
				A150E35C17F11FA400BF5BC1 /* Images.xcassets */,
				A150E35317F11FA400BF5BC1 /* AppDelegate.h */,
				A150E35417F11FA400BF5BC1 /* AppDelegate.m */,
				23DF22ED1A84E10200F23489 /* Models */,
				A15678091849095D00DB62C8 /* MagicalRecord */,
				A150E38117F1208300BF5BC1 /* Preloaded Images */,
				A150E38517F1245900BF5BC1 /* AMRating */,
				A150E34B17F11FA400BF5BC1 /* Supporting Files */,
			);
			path = BeerTracker;
			sourceTree = "<group>";
		};
		A150E34B17F11FA400BF5BC1 /* Supporting Files */ = {
			isa = PBXGroup;
			children = (
				A150E34C17F11FA400BF5BC1 /* BeerTracker-Info.plist */,
				A150E34D17F11FA400BF5BC1 /* InfoPlist.strings */,
				A150E35017F11FA400BF5BC1 /* main.m */,
				A150E35217F11FA400BF5BC1 /* BeerTracker-Prefix.pch */,
			);
			name = "Supporting Files";
			sourceTree = "<group>";
		};
		A150E36917F11FA400BF5BC1 /* BeerTrackerTests */ = {
			isa = PBXGroup;
			children = (
				A150E36F17F11FA400BF5BC1 /* BeerTrackerTests.m */,
				A150E36A17F11FA400BF5BC1 /* Supporting Files */,
			);
			path = BeerTrackerTests;
			sourceTree = "<group>";
		};
		A150E36A17F11FA400BF5BC1 /* Supporting Files */ = {
			isa = PBXGroup;
			children = (
				A150E36B17F11FA400BF5BC1 /* BeerTrackerTests-Info.plist */,
				A150E36C17F11FA400BF5BC1 /* InfoPlist.strings */,
			);
			name = "Supporting Files";
			sourceTree = "<group>";
		};
		A150E38117F1208300BF5BC1 /* Preloaded Images */ = {
			isa = PBXGroup;
			children = (
				A150E37917F1207D00BF5BC1 /* blond.jpg */,
				A150E37A17F1207D00BF5BC1 /* pale.jpg */,
				A150E37B17F1207D00BF5BC1 /* stout.jpg */,
				A150E37C17F1207D00BF5BC1 /* wheat.jpg */,
			);
			name = "Preloaded Images";
			sourceTree = "<group>";
		};
		A150E38517F1245900BF5BC1 /* AMRating */ = {
			isa = PBXGroup;
			children = (
				A150E38617F1245900BF5BC1 /* AMRatingControl.h */,
				A150E38717F1245900BF5BC1 /* AMRatingControl.m */,
			);
			path = AMRating;
			sourceTree = "<group>";
		};
		A15678091849095D00DB62C8 /* MagicalRecord */ = {
			isa = PBXGroup;
			children = (
				231AB0BC1A89018F006E5356 /* Categories */,
				231AB0E81A89018F006E5356 /* Core */,
				231AB0FA1A89018F006E5356 /* CoreData+MagicalRecord.h */,
			);
			path = MagicalRecord;
			sourceTree = "<group>";
		};
/* End PBXGroup section */

/* Begin PBXNativeTarget section */
		A150E34017F11FA400BF5BC1 /* BeerTracker */ = {
			isa = PBXNativeTarget;
			buildConfigurationList = A150E37317F11FA400BF5BC1 /* Build configuration list for PBXNativeTarget "BeerTracker" */;
			buildPhases = (
				A150E33D17F11FA400BF5BC1 /* Sources */,
				A150E33E17F11FA400BF5BC1 /* Frameworks */,
				A150E33F17F11FA400BF5BC1 /* Resources */,
			);
			buildRules = (
			);
			dependencies = (
			);
			name = BeerTracker;
			productName = BeerTracker;
			productReference = A150E34117F11FA400BF5BC1 /* BeerTracker.app */;
			productType = "com.apple.product-type.application";
		};
		A150E36117F11FA400BF5BC1 /* BeerTrackerTests */ = {
			isa = PBXNativeTarget;
			buildConfigurationList = A150E37617F11FA400BF5BC1 /* Build configuration list for PBXNativeTarget "BeerTrackerTests" */;
			buildPhases = (
				A150E35E17F11FA400BF5BC1 /* Sources */,
				A150E35F17F11FA400BF5BC1 /* Frameworks */,
				A150E36017F11FA400BF5BC1 /* Resources */,
			);
			buildRules = (
			);
			dependencies = (
				A150E36817F11FA400BF5BC1 /* PBXTargetDependency */,
			);
			name = BeerTrackerTests;
			productName = BeerTrackerTests;
			productReference = A150E36217F11FA400BF5BC1 /* BeerTrackerTests.xctest */;
			productType = "com.apple.product-type.bundle.unit-test";
		};
/* End PBXNativeTarget section */

/* Begin PBXProject section */
		A150E33917F11FA400BF5BC1 /* Project object */ = {
			isa = PBXProject;
			attributes = {
				LastUpgradeCheck = 0500;
				ORGANIZATIONNAME = "Andy Pereira";
				TargetAttributes = {
					A150E36117F11FA400BF5BC1 = {
						TestTargetID = A150E34017F11FA400BF5BC1;
					};
				};
			};
			buildConfigurationList = A150E33C17F11FA400BF5BC1 /* Build configuration list for PBXProject "BeerTracker" */;
			compatibilityVersion = "Xcode 3.2";
			developmentRegion = English;
			hasScannedForEncodings = 0;
			knownRegions = (
				en,
				Base,
			);
			mainGroup = A150E33817F11FA400BF5BC1;
			productRefGroup = A150E34217F11FA400BF5BC1 /* Products */;
			projectDirPath = "";
			projectRoot = "";
			targets = (
				A150E34017F11FA400BF5BC1 /* BeerTracker */,
				A150E36117F11FA400BF5BC1 /* BeerTrackerTests */,
			);
		};
/* End PBXProject section */

/* Begin PBXResourcesBuildPhase section */
		A150E33F17F11FA400BF5BC1 /* Resources */ = {
			isa = PBXResourcesBuildPhase;
			buildActionMask = 2147483647;
			files = (
				A150E35D17F11FA400BF5BC1 /* Images.xcassets in Resources */,
				A150E37F17F1207D00BF5BC1 /* stout.jpg in Resources */,
				A150E37E17F1207D00BF5BC1 /* pale.jpg in Resources */,
				A150E34F17F11FA400BF5BC1 /* InfoPlist.strings in Resources */,
				A150E35817F11FA400BF5BC1 /* Main.storyboard in Resources */,
				A150E38017F1207D00BF5BC1 /* wheat.jpg in Resources */,
				A150E37D17F1207D00BF5BC1 /* blond.jpg in Resources */,
			);
			runOnlyForDeploymentPostprocessing = 0;
		};
		A150E36017F11FA400BF5BC1 /* Resources */ = {
			isa = PBXResourcesBuildPhase;
			buildActionMask = 2147483647;
			files = (
				A150E36E17F11FA400BF5BC1 /* InfoPlist.strings in Resources */,
			);
			runOnlyForDeploymentPostprocessing = 0;
		};
/* End PBXResourcesBuildPhase section */

/* Begin PBXSourcesBuildPhase section */
		A150E33D17F11FA400BF5BC1 /* Sources */ = {
			isa = PBXSourcesBuildPhase;
			buildActionMask = 2147483647;
			files = (
				231AB1071A89018F006E5356 /* NSManagedObjectContext+MagicalChainSave.m in Sources */,
				231AB1111A89018F006E5356 /* MagicalRecord+iCloud.m in Sources */,
				231AB1121A89018F006E5356 /* MagicalRecord+Options.m in Sources */,
				231AB0FC1A89018F006E5356 /* NSAttributeDescription+MagicalDataImport.m in Sources */,
				A150E38817F1245900BF5BC1 /* AMRatingControl.m in Sources */,
				23DF22F61A84E52100F23489 /* Beer.m in Sources */,
				231AB10E1A89018F006E5356 /* NSPersistentStoreCoordinator+MagicalRecord.m in Sources */,
				231AB1021A89018F006E5356 /* NSManagedObject+MagicalAggregation.m in Sources */,
				A150E35517F11FA400BF5BC1 /* AppDelegate.m in Sources */,
				A150E38417F123DE00BF5BC1 /* BeerViewController.m in Sources */,
				231AB0FE1A89018F006E5356 /* NSNumber+MagicalDataImport.m in Sources */,
				231AB10B1A89018F006E5356 /* NSManagedObjectContext+MagicalThreading.m in Sources */,
				231AB10C1A89018F006E5356 /* NSManagedObjectModel+MagicalRecord.m in Sources */,
				A150E38C17F124E700BF5BC1 /* ImageSaver.m in Sources */,
				231AB1151A89018F006E5356 /* MagicalRecord.m in Sources */,
				231AB1131A89018F006E5356 /* MagicalRecord+Setup.m in Sources */,
				231AB1041A89018F006E5356 /* NSManagedObject+MagicalFinders.m in Sources */,
				231AB0FB1A89018F006E5356 /* MagicalImportFunctions.m in Sources */,
				A150E38F17F1263100BF5BC1 /* MasterViewController.m in Sources */,
				23DF22F01A84E14500F23489 /* BeerModel.xcdatamodeld in Sources */,
				231AB1091A89018F006E5356 /* NSManagedObjectContext+MagicalRecord.m in Sources */,
				231AB10F1A89018F006E5356 /* MagicalRecord+Actions.m in Sources */,
				231AB1051A89018F006E5356 /* NSManagedObject+MagicalRecord.m in Sources */,
				231AB1081A89018F006E5356 /* NSManagedObjectContext+MagicalObserving.m in Sources */,
				231AB1031A89018F006E5356 /* NSManagedObject+MagicalDataImport.m in Sources */,
				231AB1011A89018F006E5356 /* NSString+MagicalDataImport.m in Sources */,
				231AB0FD1A89018F006E5356 /* NSEntityDescription+MagicalDataImport.m in Sources */,
				231AB1141A89018F006E5356 /* MagicalRecord+ShorthandSupport.m in Sources */,
				231AB1061A89018F006E5356 /* NSManagedObject+MagicalRequests.m in Sources */,
				231AB10D1A89018F006E5356 /* NSPersistentStore+MagicalRecord.m in Sources */,
				A150E35117F11FA400BF5BC1 /* main.m in Sources */,
				231AB10A1A89018F006E5356 /* NSManagedObjectContext+MagicalSaves.m in Sources */,
				A150E39217F128FE00BF5BC1 /* PhotoViewController.m in Sources */,
				231AB1001A89018F006E5356 /* NSRelationshipDescription+MagicalDataImport.m in Sources */,
				23DF22F31A84E52000F23489 /* BeerDetails.m in Sources */,
				231AB0FF1A89018F006E5356 /* NSObject+MagicalDataImport.m in Sources */,
				231AB1101A89018F006E5356 /* MagicalRecord+ErrorHandling.m in Sources */,
			);
			runOnlyForDeploymentPostprocessing = 0;
		};
		A150E35E17F11FA400BF5BC1 /* Sources */ = {
			isa = PBXSourcesBuildPhase;
			buildActionMask = 2147483647;
			files = (
				A150E37017F11FA400BF5BC1 /* BeerTrackerTests.m in Sources */,
			);
			runOnlyForDeploymentPostprocessing = 0;
		};
/* End PBXSourcesBuildPhase section */

/* Begin PBXTargetDependency section */
		A150E36817F11FA400BF5BC1 /* PBXTargetDependency */ = {
			isa = PBXTargetDependency;
			target = A150E34017F11FA400BF5BC1 /* BeerTracker */;
			targetProxy = A150E36717F11FA400BF5BC1 /* PBXContainerItemProxy */;
		};
/* End PBXTargetDependency section */

/* Begin PBXVariantGroup section */
		A150E34D17F11FA400BF5BC1 /* InfoPlist.strings */ = {
			isa = PBXVariantGroup;
			children = (
				A150E34E17F11FA400BF5BC1 /* en */,
			);
			name = InfoPlist.strings;
			sourceTree = "<group>";
		};
		A150E35617F11FA400BF5BC1 /* Main.storyboard */ = {
			isa = PBXVariantGroup;
			children = (
				A150E35717F11FA400BF5BC1 /* Base */,
			);
			name = Main.storyboard;
			sourceTree = "<group>";
		};
		A150E36C17F11FA400BF5BC1 /* InfoPlist.strings */ = {
			isa = PBXVariantGroup;
			children = (
				A150E36D17F11FA400BF5BC1 /* en */,
			);
			name = InfoPlist.strings;
			sourceTree = "<group>";
		};
/* End PBXVariantGroup section */

/* Begin XCBuildConfiguration section */
		A150E37117F11FA400BF5BC1 /* Debug */ = {
			isa = XCBuildConfiguration;
			buildSettings = {
				ALWAYS_SEARCH_USER_PATHS = NO;
				ARCHS = "$(ARCHS_STANDARD_INCLUDING_64_BIT)";
				CLANG_CXX_LANGUAGE_STANDARD = "gnu++0x";
				CLANG_CXX_LIBRARY = "libc++";
				CLANG_ENABLE_MODULES = YES;
				CLANG_ENABLE_OBJC_ARC = YES;
				CLANG_WARN_BOOL_CONVERSION = YES;
				CLANG_WARN_CONSTANT_CONVERSION = YES;
				CLANG_WARN_DIRECT_OBJC_ISA_USAGE = YES_ERROR;
				CLANG_WARN_EMPTY_BODY = YES;
				CLANG_WARN_ENUM_CONVERSION = YES;
				CLANG_WARN_INT_CONVERSION = YES;
				CLANG_WARN_OBJC_ROOT_CLASS = YES_ERROR;
				CLANG_WARN__DUPLICATE_METHOD_MATCH = YES;
				"CODE_SIGN_IDENTITY[sdk=iphoneos*]" = "iPhone Developer";
				COPY_PHASE_STRIP = NO;
				GCC_C_LANGUAGE_STANDARD = gnu99;
				GCC_DYNAMIC_NO_PIC = NO;
				GCC_OPTIMIZATION_LEVEL = 0;
				GCC_PREPROCESSOR_DEFINITIONS = (
					"DEBUG=1",
					"$(inherited)",
				);
				GCC_SYMBOLS_PRIVATE_EXTERN = NO;
				GCC_WARN_64_TO_32_BIT_CONVERSION = YES;
				GCC_WARN_ABOUT_RETURN_TYPE = YES_ERROR;
				GCC_WARN_UNDECLARED_SELECTOR = YES;
				GCC_WARN_UNINITIALIZED_AUTOS = YES;
				GCC_WARN_UNUSED_FUNCTION = YES;
				GCC_WARN_UNUSED_VARIABLE = YES;
				IPHONEOS_DEPLOYMENT_TARGET = 7.0;
				ONLY_ACTIVE_ARCH = YES;
				SDKROOT = iphoneos;
			};
			name = Debug;
		};
		A150E37217F11FA400BF5BC1 /* Release */ = {
			isa = XCBuildConfiguration;
			buildSettings = {
				ALWAYS_SEARCH_USER_PATHS = NO;
				ARCHS = "$(ARCHS_STANDARD_INCLUDING_64_BIT)";
				CLANG_CXX_LANGUAGE_STANDARD = "gnu++0x";
				CLANG_CXX_LIBRARY = "libc++";
				CLANG_ENABLE_MODULES = YES;
				CLANG_ENABLE_OBJC_ARC = YES;
				CLANG_WARN_BOOL_CONVERSION = YES;
				CLANG_WARN_CONSTANT_CONVERSION = YES;
				CLANG_WARN_DIRECT_OBJC_ISA_USAGE = YES_ERROR;
				CLANG_WARN_EMPTY_BODY = YES;
				CLANG_WARN_ENUM_CONVERSION = YES;
				CLANG_WARN_INT_CONVERSION = YES;
				CLANG_WARN_OBJC_ROOT_CLASS = YES_ERROR;
				CLANG_WARN__DUPLICATE_METHOD_MATCH = YES;
				"CODE_SIGN_IDENTITY[sdk=iphoneos*]" = "iPhone Developer";
				COPY_PHASE_STRIP = YES;
				ENABLE_NS_ASSERTIONS = NO;
				GCC_C_LANGUAGE_STANDARD = gnu99;
				GCC_WARN_64_TO_32_BIT_CONVERSION = YES;
				GCC_WARN_ABOUT_RETURN_TYPE = YES_ERROR;
				GCC_WARN_UNDECLARED_SELECTOR = YES;
				GCC_WARN_UNINITIALIZED_AUTOS = YES;
				GCC_WARN_UNUSED_FUNCTION = YES;
				GCC_WARN_UNUSED_VARIABLE = YES;
				IPHONEOS_DEPLOYMENT_TARGET = 7.0;
				SDKROOT = iphoneos;
				VALIDATE_PRODUCT = YES;
			};
			name = Release;
		};
		A150E37417F11FA400BF5BC1 /* Debug */ = {
			isa = XCBuildConfiguration;
			buildSettings = {
				ASSETCATALOG_COMPILER_APPICON_NAME = AppIcon;
				ASSETCATALOG_COMPILER_LAUNCHIMAGE_NAME = LaunchImage;
				GCC_PRECOMPILE_PREFIX_HEADER = YES;
				GCC_PREFIX_HEADER = "BeerTracker/BeerTracker-Prefix.pch";
				INFOPLIST_FILE = "BeerTracker/BeerTracker-Info.plist";
				PRODUCT_NAME = "$(TARGET_NAME)";
				WRAPPER_EXTENSION = app;
			};
			name = Debug;
		};
		A150E37517F11FA400BF5BC1 /* Release */ = {
			isa = XCBuildConfiguration;
			buildSettings = {
				ASSETCATALOG_COMPILER_APPICON_NAME = AppIcon;
				ASSETCATALOG_COMPILER_LAUNCHIMAGE_NAME = LaunchImage;
				GCC_PRECOMPILE_PREFIX_HEADER = YES;
				GCC_PREFIX_HEADER = "BeerTracker/BeerTracker-Prefix.pch";
				INFOPLIST_FILE = "BeerTracker/BeerTracker-Info.plist";
				PRODUCT_NAME = "$(TARGET_NAME)";
				WRAPPER_EXTENSION = app;
			};
			name = Release;
		};
		A150E37717F11FA400BF5BC1 /* Debug */ = {
			isa = XCBuildConfiguration;
			buildSettings = {
				ARCHS = "$(ARCHS_STANDARD_INCLUDING_64_BIT)";
				BUNDLE_LOADER = "$(BUILT_PRODUCTS_DIR)/BeerTracker.app/BeerTracker";
				FRAMEWORK_SEARCH_PATHS = (
					"$(SDKROOT)/Developer/Library/Frameworks",
					"$(inherited)",
					"$(DEVELOPER_FRAMEWORKS_DIR)",
				);
				GCC_PRECOMPILE_PREFIX_HEADER = YES;
				GCC_PREFIX_HEADER = "BeerTracker/BeerTracker-Prefix.pch";
				GCC_PREPROCESSOR_DEFINITIONS = (
					"DEBUG=1",
					"$(inherited)",
				);
				INFOPLIST_FILE = "BeerTrackerTests/BeerTrackerTests-Info.plist";
				PRODUCT_NAME = "$(TARGET_NAME)";
				TEST_HOST = "$(BUNDLE_LOADER)";
				WRAPPER_EXTENSION = xctest;
			};
			name = Debug;
		};
		A150E37817F11FA400BF5BC1 /* Release */ = {
			isa = XCBuildConfiguration;
			buildSettings = {
				ARCHS = "$(ARCHS_STANDARD_INCLUDING_64_BIT)";
				BUNDLE_LOADER = "$(BUILT_PRODUCTS_DIR)/BeerTracker.app/BeerTracker";
				FRAMEWORK_SEARCH_PATHS = (
					"$(SDKROOT)/Developer/Library/Frameworks",
					"$(inherited)",
					"$(DEVELOPER_FRAMEWORKS_DIR)",
				);
				GCC_PRECOMPILE_PREFIX_HEADER = YES;
				GCC_PREFIX_HEADER = "BeerTracker/BeerTracker-Prefix.pch";
				INFOPLIST_FILE = "BeerTrackerTests/BeerTrackerTests-Info.plist";
				PRODUCT_NAME = "$(TARGET_NAME)";
				TEST_HOST = "$(BUNDLE_LOADER)";
				WRAPPER_EXTENSION = xctest;
			};
			name = Release;
		};
/* End XCBuildConfiguration section */

/* Begin XCConfigurationList section */
		A150E33C17F11FA400BF5BC1 /* Build configuration list for PBXProject "BeerTracker" */ = {
			isa = XCConfigurationList;
			buildConfigurations = (
				A150E37117F11FA400BF5BC1 /* Debug */,
				A150E37217F11FA400BF5BC1 /* Release */,
			);
			defaultConfigurationIsVisible = 0;
			defaultConfigurationName = Release;
		};
		A150E37317F11FA400BF5BC1 /* Build configuration list for PBXNativeTarget "BeerTracker" */ = {
			isa = XCConfigurationList;
			buildConfigurations = (
				A150E37417F11FA400BF5BC1 /* Debug */,
				A150E37517F11FA400BF5BC1 /* Release */,
			);
			defaultConfigurationIsVisible = 0;
			defaultConfigurationName = Release;
		};
		A150E37617F11FA400BF5BC1 /* Build configuration list for PBXNativeTarget "BeerTrackerTests" */ = {
			isa = XCConfigurationList;
			buildConfigurations = (
				A150E37717F11FA400BF5BC1 /* Debug */,
				A150E37817F11FA400BF5BC1 /* Release */,
			);
			defaultConfigurationIsVisible = 0;
			defaultConfigurationName = Release;
		};
/* End XCConfigurationList section */

/* Begin XCVersionGroup section */
		23DF22EE1A84E14500F23489 /* BeerModel.xcdatamodeld */ = {
			isa = XCVersionGroup;
			children = (
				23DF22EF1A84E14500F23489 /* BeerModel.xcdatamodel */,
			);
			currentVersion = 23DF22EF1A84E14500F23489 /* BeerModel.xcdatamodel */;
			path = BeerModel.xcdatamodeld;
			sourceTree = "<group>";
			versionGroupType = wrapper.xcdatamodel;
		};
/* End XCVersionGroup section */
	};
	rootObject = A150E33917F11FA400BF5BC1 /* Project object */;
}
