// !$*UTF8*$!
{
	archiveVersion = 1;
	classes = {
	};
	objectVersion = 45;
	objects = {

/* Begin PBXBuildFile section */
		1D3623260D0F684500981E51 /* PortMeAppDelegate.m in Sources */ = {isa = PBXBuildFile; fileRef = 1D3623250D0F684500981E51 /* PortMeAppDelegate.m */; };
		1D60589B0D05DD56006BFB54 /* main.m in Sources */ = {isa = PBXBuildFile; fileRef = 29B97316FDCFA39411CA2CEA /* main.m */; };
		1D60589F0D05DD5A006BFB54 /* Foundation.framework in Frameworks */ = {isa = PBXBuildFile; fileRef = 1D30AB110D05D00D00671497 /* Foundation.framework */; };
		1DF5F4E00D08C38300B7A737 /* UIKit.framework in Frameworks */ = {isa = PBXBuildFile; fileRef = 1DF5F4DF0D08C38300B7A737 /* UIKit.framework */; };
		288765FD0DF74451002DB57D /* CoreGraphics.framework in Frameworks */ = {isa = PBXBuildFile; fileRef = 288765FC0DF74451002DB57D /* CoreGraphics.framework */; };
		28AD733F0D9D9553002E5188 /* MainWindow.xib in Resources */ = {isa = PBXBuildFile; fileRef = 28AD733E0D9D9553002E5188 /* MainWindow.xib */; };
		358FCBE311989AC0001F8928 /* Game.m in Sources */ = {isa = PBXBuildFile; fileRef = 358FCBE211989AC0001F8928 /* Game.m */; };
		358FCBE611989C45001F8928 /* PortMeGameListController.m in Sources */ = {isa = PBXBuildFile; fileRef = 358FCBE511989C45001F8928 /* PortMeGameListController.m */; };
		358FCC4B1198A0FC001F8928 /* PortMeGameDetailsController.m in Sources */ = {isa = PBXBuildFile; fileRef = 358FCC491198A0FC001F8928 /* PortMeGameDetailsController.m */; };
		358FCC4C1198A0FC001F8928 /* PortMeGameDetailsController.xib in Resources */ = {isa = PBXBuildFile; fileRef = 358FCC4A1198A0FC001F8928 /* PortMeGameDetailsController.xib */; };
		358FCC551198A1B9001F8928 /* bg.png in Resources */ = {isa = PBXBuildFile; fileRef = 358FCC541198A1B9001F8928 /* bg.png */; };
		358FCC871198A409001F8928 /* PortMeGameRatingController.m in Sources */ = {isa = PBXBuildFile; fileRef = 358FCC861198A409001F8928 /* PortMeGameRatingController.m */; };
		358FCCC81198AAA5001F8928 /* MainWindow-iPad.xib in Resources */ = {isa = PBXBuildFile; fileRef = 358FCCC71198AAA5001F8928 /* MainWindow-iPad.xib */; };
		358FCE121198C6EB001F8928 /* PortMeGameDetailsController-iPad.xib in Resources */ = {isa = PBXBuildFile; fileRef = 358FCE111198C6EB001F8928 /* PortMeGameDetailsController-iPad.xib */; };
		358FCE141198C761001F8928 /* bg-iPad.png in Resources */ = {isa = PBXBuildFile; fileRef = 358FCE131198C761001F8928 /* bg-iPad.png */; };
		847C710F1570DE9C00FC9DFF /* iAd.framework in Frameworks */ = {isa = PBXBuildFile; fileRef = 847C710E1570DE9C00FC9DFF /* iAd.framework */; };
		847C71161570F06900FC9DFF /* PortMeGameListController.xib in Resources */ = {isa = PBXBuildFile; fileRef = 847C71151570F06900FC9DFF /* PortMeGameListController.xib */; };
/* End PBXBuildFile section */

/* Begin PBXFileReference section */
		1D30AB110D05D00D00671497 /* Foundation.framework */ = {isa = PBXFileReference; lastKnownFileType = wrapper.framework; name = Foundation.framework; path = System/Library/Frameworks/Foundation.framework; sourceTree = SDKROOT; };
		1D3623240D0F684500981E51 /* PortMeAppDelegate.h */ = {isa = PBXFileReference; fileEncoding = 4; lastKnownFileType = sourcecode.c.h; path = PortMeAppDelegate.h; sourceTree = "<group>"; };
		1D3623250D0F684500981E51 /* PortMeAppDelegate.m */ = {isa = PBXFileReference; fileEncoding = 4; lastKnownFileType = sourcecode.c.objc; path = PortMeAppDelegate.m; sourceTree = "<group>"; };
		1D6058910D05DD3D006BFB54 /* PortMe.app */ = {isa = PBXFileReference; explicitFileType = wrapper.application; includeInIndex = 0; path = PortMe.app; sourceTree = BUILT_PRODUCTS_DIR; };
		1DF5F4DF0D08C38300B7A737 /* UIKit.framework */ = {isa = PBXFileReference; lastKnownFileType = wrapper.framework; name = UIKit.framework; path = System/Library/Frameworks/UIKit.framework; sourceTree = SDKROOT; };
		288765FC0DF74451002DB57D /* CoreGraphics.framework */ = {isa = PBXFileReference; lastKnownFileType = wrapper.framework; name = CoreGraphics.framework; path = System/Library/Frameworks/CoreGraphics.framework; sourceTree = SDKROOT; };
		28AD733E0D9D9553002E5188 /* MainWindow.xib */ = {isa = PBXFileReference; lastKnownFileType = file.xib; path = MainWindow.xib; sourceTree = "<group>"; };
		29B97316FDCFA39411CA2CEA /* main.m */ = {isa = PBXFileReference; fileEncoding = 4; lastKnownFileType = sourcecode.c.objc; path = main.m; sourceTree = "<group>"; };
		32CA4F630368D1EE00C91783 /* PortMe_Prefix.pch */ = {isa = PBXFileReference; fileEncoding = 4; lastKnownFileType = sourcecode.c.h; path = PortMe_Prefix.pch; sourceTree = "<group>"; };
		358FCBE111989AC0001F8928 /* Game.h */ = {isa = PBXFileReference; fileEncoding = 4; lastKnownFileType = sourcecode.c.h; path = Game.h; sourceTree = "<group>"; };
		358FCBE211989AC0001F8928 /* Game.m */ = {isa = PBXFileReference; fileEncoding = 4; lastKnownFileType = sourcecode.c.objc; path = Game.m; sourceTree = "<group>"; };
		358FCBE411989C45001F8928 /* PortMeGameListController.h */ = {isa = PBXFileReference; fileEncoding = 4; lastKnownFileType = sourcecode.c.h; path = PortMeGameListController.h; sourceTree = "<group>"; };
		358FCBE511989C45001F8928 /* PortMeGameListController.m */ = {isa = PBXFileReference; fileEncoding = 4; lastKnownFileType = sourcecode.c.objc; path = PortMeGameListController.m; sourceTree = "<group>"; };
		358FCC481198A0FC001F8928 /* PortMeGameDetailsController.h */ = {isa = PBXFileReference; fileEncoding = 4; lastKnownFileType = sourcecode.c.h; path = PortMeGameDetailsController.h; sourceTree = "<group>"; };
		358FCC491198A0FC001F8928 /* PortMeGameDetailsController.m */ = {isa = PBXFileReference; fileEncoding = 4; lastKnownFileType = sourcecode.c.objc; path = PortMeGameDetailsController.m; sourceTree = "<group>"; };
		358FCC4A1198A0FC001F8928 /* PortMeGameDetailsController.xib */ = {isa = PBXFileReference; lastKnownFileType = file.xib; path = PortMeGameDetailsController.xib; sourceTree = "<group>"; };
		358FCC541198A1B9001F8928 /* bg.png */ = {isa = PBXFileReference; lastKnownFileType = image.png; name = bg.png; path = Classes/bg.png; sourceTree = "<group>"; };
		358FCC851198A409001F8928 /* PortMeGameRatingController.h */ = {isa = PBXFileReference; fileEncoding = 4; lastKnownFileType = sourcecode.c.h; path = PortMeGameRatingController.h; sourceTree = "<group>"; };
		358FCC861198A409001F8928 /* PortMeGameRatingController.m */ = {isa = PBXFileReference; fileEncoding = 4; lastKnownFileType = sourcecode.c.objc; path = PortMeGameRatingController.m; sourceTree = "<group>"; };
		358FCCC71198AAA5001F8928 /* MainWindow-iPad.xib */ = {isa = PBXFileReference; lastKnownFileType = file.xib; name = "MainWindow-iPad.xib"; path = "Resources-iPad/MainWindow-iPad.xib"; sourceTree = "<group>"; };
		358FCDB01198BBE8001F8928 /* GameSelectionDelegate.h */ = {isa = PBXFileReference; fileEncoding = 4; lastKnownFileType = sourcecode.c.h; path = GameSelectionDelegate.h; sourceTree = "<group>"; };
		358FCE111198C6EB001F8928 /* PortMeGameDetailsController-iPad.xib */ = {isa = PBXFileReference; lastKnownFileType = file.xib; name = "PortMeGameDetailsController-iPad.xib"; path = "Resources-iPad/PortMeGameDetailsController-iPad.xib"; sourceTree = "<group>"; };
		358FCE131198C761001F8928 /* bg-iPad.png */ = {isa = PBXFileReference; lastKnownFileType = image.png; path = "bg-iPad.png"; sourceTree = "<group>"; };
		847C710E1570DE9C00FC9DFF /* iAd.framework */ = {isa = PBXFileReference; lastKnownFileType = wrapper.framework; name = iAd.framework; path = System/Library/Frameworks/iAd.framework; sourceTree = SDKROOT; };
		847C71151570F06900FC9DFF /* PortMeGameListController.xib */ = {isa = PBXFileReference; fileEncoding = 4; lastKnownFileType = file.xib; path = PortMeGameListController.xib; sourceTree = "<group>"; };
		8D1107310486CEB800E47090 /* PortMe-Info.plist */ = {isa = PBXFileReference; fileEncoding = 4; lastKnownFileType = text.plist.xml; path = "PortMe-Info.plist"; plistStructureDefinitionIdentifier = "com.apple.xcode.plist.structure-definition.iphone.info-plist"; sourceTree = "<group>"; };
/* End PBXFileReference section */

/* Begin PBXFrameworksBuildPhase section */
		1D60588F0D05DD3D006BFB54 /* Frameworks */ = {
			isa = PBXFrameworksBuildPhase;
			buildActionMask = 2147483647;
			files = (
				847C710F1570DE9C00FC9DFF /* iAd.framework in Frameworks */,
				1D60589F0D05DD5A006BFB54 /* Foundation.framework in Frameworks */,
				1DF5F4E00D08C38300B7A737 /* UIKit.framework in Frameworks */,
				288765FD0DF74451002DB57D /* CoreGraphics.framework in Frameworks */,
			);
			runOnlyForDeploymentPostprocessing = 0;
		};
/* End PBXFrameworksBuildPhase section */

/* Begin PBXGroup section */
		080E96DDFE201D6D7F000001 /* Classes */ = {
			isa = PBXGroup;
			children = (
				1D3623240D0F684500981E51 /* PortMeAppDelegate.h */,
				1D3623250D0F684500981E51 /* PortMeAppDelegate.m */,
				358FCBE111989AC0001F8928 /* Game.h */,
				358FCBE211989AC0001F8928 /* Game.m */,
				358FCBE411989C45001F8928 /* PortMeGameListController.h */,
				358FCBE511989C45001F8928 /* PortMeGameListController.m */,
				847C71151570F06900FC9DFF /* PortMeGameListController.xib */,
				358FCC481198A0FC001F8928 /* PortMeGameDetailsController.h */,
				358FCC491198A0FC001F8928 /* PortMeGameDetailsController.m */,
				358FCC4A1198A0FC001F8928 /* PortMeGameDetailsController.xib */,
				358FCC851198A409001F8928 /* PortMeGameRatingController.h */,
				358FCC861198A409001F8928 /* PortMeGameRatingController.m */,
				358FCDB01198BBE8001F8928 /* GameSelectionDelegate.h */,
			);
			path = Classes;
			sourceTree = "<group>";
		};
		19C28FACFE9D520D11CA2CBB /* Products */ = {
			isa = PBXGroup;
			children = (
				1D6058910D05DD3D006BFB54 /* PortMe.app */,
			);
			name = Products;
			sourceTree = "<group>";
		};
		29B97314FDCFA39411CA2CEA /* CustomTemplate */ = {
			isa = PBXGroup;
			children = (
				080E96DDFE201D6D7F000001 /* Classes */,
				29B97315FDCFA39411CA2CEA /* Other Sources */,
				29B97317FDCFA39411CA2CEA /* Resources */,
				358FCCC61198AAA4001F8928 /* Resources-iPad */,
				29B97323FDCFA39411CA2CEA /* Frameworks */,
				19C28FACFE9D520D11CA2CBB /* Products */,
			);
			name = CustomTemplate;
			sourceTree = "<group>";
		};
		29B97315FDCFA39411CA2CEA /* Other Sources */ = {
			isa = PBXGroup;
			children = (
				32CA4F630368D1EE00C91783 /* PortMe_Prefix.pch */,
				29B97316FDCFA39411CA2CEA /* main.m */,
			);
			name = "Other Sources";
			sourceTree = "<group>";
		};
		29B97317FDCFA39411CA2CEA /* Resources */ = {
			isa = PBXGroup;
			children = (
				358FCC541198A1B9001F8928 /* bg.png */,
				358FCE131198C761001F8928 /* bg-iPad.png */,
				28AD733E0D9D9553002E5188 /* MainWindow.xib */,
				8D1107310486CEB800E47090 /* PortMe-Info.plist */,
			);
			name = Resources;
			sourceTree = "<group>";
		};
		29B97323FDCFA39411CA2CEA /* Frameworks */ = {
			isa = PBXGroup;
			children = (
				847C710E1570DE9C00FC9DFF /* iAd.framework */,
				1DF5F4DF0D08C38300B7A737 /* UIKit.framework */,
				1D30AB110D05D00D00671497 /* Foundation.framework */,
				288765FC0DF74451002DB57D /* CoreGraphics.framework */,
			);
			name = Frameworks;
			sourceTree = "<group>";
		};
		358FCCC61198AAA4001F8928 /* Resources-iPad */ = {
			isa = PBXGroup;
			children = (
				358FCCC71198AAA5001F8928 /* MainWindow-iPad.xib */,
				358FCE111198C6EB001F8928 /* PortMeGameDetailsController-iPad.xib */,
			);
			name = "Resources-iPad";
			sourceTree = "<group>";
		};
/* End PBXGroup section */

/* Begin PBXNativeTarget section */
		1D6058900D05DD3D006BFB54 /* PortMe */ = {
			isa = PBXNativeTarget;
			buildConfigurationList = 1D6058960D05DD3E006BFB54 /* Build configuration list for PBXNativeTarget "PortMe" */;
			buildPhases = (
				1D60588D0D05DD3D006BFB54 /* Resources */,
				1D60588E0D05DD3D006BFB54 /* Sources */,
				1D60588F0D05DD3D006BFB54 /* Frameworks */,
			);
			buildRules = (
			);
			dependencies = (
			);
			name = PortMe;
			productName = PortMe;
			productReference = 1D6058910D05DD3D006BFB54 /* PortMe.app */;
			productType = "com.apple.product-type.application";
		};
/* End PBXNativeTarget section */

/* Begin PBXProject section */
		29B97313FDCFA39411CA2CEA /* Project object */ = {
			isa = PBXProject;
			buildConfigurationList = C01FCF4E08A954540054247B /* Build configuration list for PBXProject "PortMe" */;
			compatibilityVersion = "Xcode 3.1";
			developmentRegion = English;
			hasScannedForEncodings = 1;
			knownRegions = (
				en,
			);
			mainGroup = 29B97314FDCFA39411CA2CEA /* CustomTemplate */;
			projectDirPath = "";
			projectRoot = "";
			targets = (
				1D6058900D05DD3D006BFB54 /* PortMe */,
			);
		};
/* End PBXProject section */

/* Begin PBXResourcesBuildPhase section */
		1D60588D0D05DD3D006BFB54 /* Resources */ = {
			isa = PBXResourcesBuildPhase;
			buildActionMask = 2147483647;
			files = (
				28AD733F0D9D9553002E5188 /* MainWindow.xib in Resources */,
				358FCC4C1198A0FC001F8928 /* PortMeGameDetailsController.xib in Resources */,
				358FCC551198A1B9001F8928 /* bg.png in Resources */,
				358FCCC81198AAA5001F8928 /* MainWindow-iPad.xib in Resources */,
				358FCE121198C6EB001F8928 /* PortMeGameDetailsController-iPad.xib in Resources */,
				358FCE141198C761001F8928 /* bg-iPad.png in Resources */,
				847C71161570F06900FC9DFF /* PortMeGameListController.xib in Resources */,
			);
			runOnlyForDeploymentPostprocessing = 0;
		};
/* End PBXResourcesBuildPhase section */

/* Begin PBXSourcesBuildPhase section */
		1D60588E0D05DD3D006BFB54 /* Sources */ = {
			isa = PBXSourcesBuildPhase;
			buildActionMask = 2147483647;
			files = (
				1D60589B0D05DD56006BFB54 /* main.m in Sources */,
				1D3623260D0F684500981E51 /* PortMeAppDelegate.m in Sources */,
				358FCBE311989AC0001F8928 /* Game.m in Sources */,
				358FCBE611989C45001F8928 /* PortMeGameListController.m in Sources */,
				358FCC4B1198A0FC001F8928 /* PortMeGameDetailsController.m in Sources */,
				358FCC871198A409001F8928 /* PortMeGameRatingController.m in Sources */,
			);
			runOnlyForDeploymentPostprocessing = 0;
		};
/* End PBXSourcesBuildPhase section */

/* Begin XCBuildConfiguration section */
		1D6058940D05DD3E006BFB54 /* Debug */ = {
			isa = XCBuildConfiguration;
			buildSettings = {
				ALWAYS_SEARCH_USER_PATHS = NO;
				ARCHS = "$(ARCHS_UNIVERSAL_IPHONE_OS)";
				COPY_PHASE_STRIP = NO;
				GCC_DYNAMIC_NO_PIC = NO;
				GCC_OPTIMIZATION_LEVEL = 0;
				GCC_PRECOMPILE_PREFIX_HEADER = YES;
				GCC_PREFIX_HEADER = PortMe_Prefix.pch;
				INFOPLIST_FILE = "PortMe-Info.plist";
				IPHONEOS_DEPLOYMENT_TARGET = 3.0;
				PRODUCT_NAME = PortMe;
				SDKROOT = iphoneos;
				TARGETED_DEVICE_FAMILY = "1,2";
			};
			name = Debug;
		};
		1D6058950D05DD3E006BFB54 /* Release */ = {
			isa = XCBuildConfiguration;
			buildSettings = {
				ALWAYS_SEARCH_USER_PATHS = NO;
				ARCHS = "$(ARCHS_UNIVERSAL_IPHONE_OS)";
				COPY_PHASE_STRIP = YES;
				GCC_PRECOMPILE_PREFIX_HEADER = YES;
				GCC_PREFIX_HEADER = PortMe_Prefix.pch;
				INFOPLIST_FILE = "PortMe-Info.plist";
				PRODUCT_NAME = PortMe;
				SDKROOT = iphoneos;
				TARGETED_DEVICE_FAMILY = "1,2";
				VALIDATE_PRODUCT = YES;
			};
			name = Release;
		};
		C01FCF4F08A954540054247B /* Debug */ = {
			isa = XCBuildConfiguration;
			buildSettings = {
				ARCHS = "$(ARCHS_STANDARD_32_BIT)";
				"CODE_SIGN_IDENTITY[sdk=iphoneos*]" = "iPhone Developer";
				GCC_C_LANGUAGE_STANDARD = c99;
				GCC_WARN_ABOUT_RETURN_TYPE = YES;
				GCC_WARN_UNUSED_VARIABLE = YES;
				PREBINDING = NO;
				SDKROOT = iphoneos;
			};
			name = Debug;
		};
		C01FCF5008A954540054247B /* Release */ = {
			isa = XCBuildConfiguration;
			buildSettings = {
				ARCHS = "$(ARCHS_STANDARD_32_BIT)";
				"CODE_SIGN_IDENTITY[sdk=iphoneos*]" = "iPhone Developer";
				GCC_C_LANGUAGE_STANDARD = c99;
				GCC_WARN_ABOUT_RETURN_TYPE = YES;
				GCC_WARN_UNUSED_VARIABLE = YES;
				OTHER_CFLAGS = "-DNS_BLOCK_ASSERTIONS=1";
				PREBINDING = NO;
				SDKROOT = iphoneos;
			};
			name = Release;
		};
/* End XCBuildConfiguration section */

/* Begin XCConfigurationList section */
		1D6058960D05DD3E006BFB54 /* Build configuration list for PBXNativeTarget "PortMe" */ = {
			isa = XCConfigurationList;
			buildConfigurations = (
				1D6058940D05DD3E006BFB54 /* Debug */,
				1D6058950D05DD3E006BFB54 /* Release */,
			);
			defaultConfigurationIsVisible = 0;
			defaultConfigurationName = Release;
		};
		C01FCF4E08A954540054247B /* Build configuration list for PBXProject "PortMe" */ = {
			isa = XCConfigurationList;
			buildConfigurations = (
				C01FCF4F08A954540054247B /* Debug */,
				C01FCF5008A954540054247B /* Release */,
			);
			defaultConfigurationIsVisible = 0;
			defaultConfigurationName = Release;
		};
/* End XCConfigurationList section */
	};
	rootObject = 29B97313FDCFA39411CA2CEA /* Project object */;
}
